
Microsoft Visual Studio Solution File, Format Version 12.00
# Visual Studio 15
VisualStudioVersion = 15.0.28010.2041
MinimumVisualStudioVersion = 10.0.40219.1
Project("{FAE04EC0-301F-11D3-BF4B-00C04F79EFBC}") = "Xamarin.Yoga", "Xamarin.Yoga\Xamarin.Yoga.csproj", "{7CFDBD4D-A9C7-4B79-BC3E-4EDFF43954DD}"
EndProject
Global
	GlobalSection(SolutionConfigurationPlatforms) = preSolution
		Debug|Any CPU = Debug|Any CPU
		Release|Any CPU = Release|Any CPU
	EndGlobalSection
	GlobalSection(ProjectConfigurationPlatforms) = postSolution
		{7CFDBD4D-A9C7-4B79-BC3E-4EDFF43954DD}.Debug|Any CPU.ActiveCfg = Debug|Any CPU
		{7CFDBD4D-A9C7-4B79-BC3E-4EDFF43954DD}.Debug|Any CPU.Build.0 = Debug|Any CPU
		{7CFDBD4D-A9C7-4B79-BC3E-4EDFF43954DD}.Release|Any CPU.ActiveCfg = Release|Any CPU
		{7CFDBD4D-A9C7-4B79-BC3E-4EDFF43954DD}.Release|Any CPU.Build.0 = Release|Any CPU
	EndGlobalSection
	GlobalSection(SolutionProperties) = preSolution
		HideSolutionNode = FALSE
	EndGlobalSection
	GlobalSection(ExtensibilityGlobals) = postSolution
		SolutionGuid = {31106E05-F88A-4836-9690-3005267332E4}
	EndGlobalSection
EndGlobal
