
Microsoft Visual Studio Solution File, Format Version 12.00
# Visual Studio 15
VisualStudioVersion = 15.0.28010.2041
MinimumVisualStudioVersion = 10.0.40219.1
Project("{9A19103F-16F7-4668-BE54-9A1E7A4F7556}") = "Xamarin.Yoga", "Xamarin.Yoga\Xamarin.Yoga.csproj", "{7CFDBD4D-A9C7-4B79-BC3E-4EDFF43954DD}"
EndProject
Project("{9A19103F-16F7-4668-BE54-9A1E7A4F7556}") = "Xamarin.Yoga.Tests", "Xamarin.Yoga.Tests\Xamarin.Yoga.Tests.csproj", "{5CF13A84-D607-49CE-8F65-60FC23671405}"
EndProject
Project("{2150E333-8FDC-42A3-9474-1A3956D46DE8}") = "Solution Items", "Solution Items", "{5564897C-0CFC-47AB-B8BF-009E80C07A95}"
	ProjectSection(SolutionItems) = preProject
		LICENSE = LICENSE
		README.md = README.md
	EndProjectSection
EndProject
Global
	GlobalSection(SolutionConfigurationPlatforms) = preSolution
		Debug|Any CPU = Debug|Any CPU
		Release|Any CPU = Release|Any CPU
	EndGlobalSection
	GlobalSection(ProjectConfigurationPlatforms) = postSolution
		{7CFDBD4D-A9C7-4B79-BC3E-4EDFF43954DD}.Debug|Any CPU.ActiveCfg = Debug|Any CPU
		{7CFDBD4D-A9C7-4B79-BC3E-4EDFF43954DD}.Debug|Any CPU.Build.0 = Debug|Any CPU
		{7CFDBD4D-A9C7-4B79-BC3E-4EDFF43954DD}.Release|Any CPU.ActiveCfg = Release|Any CPU
		{7CFDBD4D-A9C7-4B79-BC3E-4EDFF43954DD}.Release|Any CPU.Build.0 = Release|Any CPU
		{5CF13A84-D607-49CE-8F65-60FC23671405}.Debug|Any CPU.ActiveCfg = Debug|Any CPU
		{5CF13A84-D607-49CE-8F65-60FC23671405}.Debug|Any CPU.Build.0 = Debug|Any CPU
		{5CF13A84-D607-49CE-8F65-60FC23671405}.Release|Any CPU.ActiveCfg = Release|Any CPU
		{5CF13A84-D607-49CE-8F65-60FC23671405}.Release|Any CPU.Build.0 = Release|Any CPU
	EndGlobalSection
	GlobalSection(SolutionProperties) = preSolution
		HideSolutionNode = FALSE
	EndGlobalSection
	GlobalSection(ExtensibilityGlobals) = postSolution
		SolutionGuid = {31106E05-F88A-4836-9690-3005267332E4}
	EndGlobalSection
EndGlobal
